
Microsoft Visual Studio Solution File, Format Version 12.00
# Visual Studio Version 17
VisualStudioVersion = 17.4.33403.182
MinimumVisualStudioVersion = 10.0.40219.1
Project("{FAE04EC0-301F-11D3-BF4B-00C04F79EFBC}") = "WebApplication1", "WebApplication1.csproj", "{4C3A3E36-1BAE-43E9-B6AB-F36C65BE031F}"
EndProject
Project("{9A19103F-16F7-4668-BE54-9A1E7A4F7556}") = "Carvromvroom", "..\Carvromvroom\Carvromvroom.csproj", "{B0B05D47-CCBC-4660-9CAB-31FACBECFFC6}"
EndProject
Project("{9A19103F-16F7-4668-BE54-9A1E7A4F7556}") = "CarvromvroomTests", "..\CarvromvroomTests\CarvromvroomTests.csproj", "{20172DC2-EAF7-4611-94F8-9A4ACA46BAD5}"
EndProject
Global
	GlobalSection(SolutionConfigurationPlatforms) = preSolution
		Debug|Any CPU = Debug|Any CPU
		Release|Any CPU = Release|Any CPU
	EndGlobalSection
	GlobalSection(ProjectConfigurationPlatforms) = postSolution
		{4C3A3E36-1BAE-43E9-B6AB-F36C65BE031F}.Debug|Any CPU.ActiveCfg = Debug|Any CPU
		{4C3A3E36-1BAE-43E9-B6AB-F36C65BE031F}.Debug|Any CPU.Build.0 = Debug|Any CPU
		{4C3A3E36-1BAE-43E9-B6AB-F36C65BE031F}.Release|Any CPU.ActiveCfg = Release|Any CPU
		{4C3A3E36-1BAE-43E9-B6AB-F36C65BE031F}.Release|Any CPU.Build.0 = Release|Any CPU
		{B0B05D47-CCBC-4660-9CAB-31FACBECFFC6}.Debug|Any CPU.ActiveCfg = Debug|Any CPU
		{B0B05D47-CCBC-4660-9CAB-31FACBECFFC6}.Debug|Any CPU.Build.0 = Debug|Any CPU
		{B0B05D47-CCBC-4660-9CAB-31FACBECFFC6}.Release|Any CPU.ActiveCfg = Release|Any CPU
		{B0B05D47-CCBC-4660-9CAB-31FACBECFFC6}.Release|Any CPU.Build.0 = Release|Any CPU
		{20172DC2-EAF7-4611-94F8-9A4ACA46BAD5}.Debug|Any CPU.ActiveCfg = Debug|Any CPU
		{20172DC2-EAF7-4611-94F8-9A4ACA46BAD5}.Debug|Any CPU.Build.0 = Debug|Any CPU
		{20172DC2-EAF7-4611-94F8-9A4ACA46BAD5}.Release|Any CPU.ActiveCfg = Release|Any CPU
		{20172DC2-EAF7-4611-94F8-9A4ACA46BAD5}.Release|Any CPU.Build.0 = Release|Any CPU
	EndGlobalSection
	GlobalSection(SolutionProperties) = preSolution
		HideSolutionNode = FALSE
	EndGlobalSection
	GlobalSection(ExtensibilityGlobals) = postSolution
		SolutionGuid = {277C6D55-1F01-4B48-B167-D3F03AA79909}
	EndGlobalSection
EndGlobal
